
Microsoft Visual Studio Solution File, Format Version 12.00
# Visual Studio Version 17
VisualStudioVersion = 17.2.32526.322
MinimumVisualStudioVersion = 10.0.40219.1
Project("{9A19103F-16F7-4668-BE54-9A1E7A4F7556}") = "cloudyWeatherAPI", "cloudyWeatherAPI.csproj", "{274BA51B-55B2-4579-8F13-9FFE7AAB255E}"
EndProject
Global
	GlobalSection(SolutionConfigurationPlatforms) = preSolution
		Debug|Any CPU = Debug|Any CPU
		Release|Any CPU = Release|Any CPU
	EndGlobalSection
	GlobalSection(ProjectConfigurationPlatforms) = postSolution
		{274BA51B-55B2-4579-8F13-9FFE7AAB255E}.Debug|Any CPU.ActiveCfg = Debug|Any CPU
		{274BA51B-55B2-4579-8F13-9FFE7AAB255E}.Debug|Any CPU.Build.0 = Debug|Any CPU
		{274BA51B-55B2-4579-8F13-9FFE7AAB255E}.Release|Any CPU.ActiveCfg = Release|Any CPU
		{274BA51B-55B2-4579-8F13-9FFE7AAB255E}.Release|Any CPU.Build.0 = Release|Any CPU
	EndGlobalSection
	GlobalSection(SolutionProperties) = preSolution
		HideSolutionNode = FALSE
	EndGlobalSection
	GlobalSection(ExtensibilityGlobals) = postSolution
		SolutionGuid = {2BC7C5A0-9D60-4796-B23F-8507513C87C9}
	EndGlobalSection
EndGlobal
